
Microsoft Visual Studio Solution File, Format Version 12.00
# Visual Studio Version 17
VisualStudioVersion = 17.2.32505.173
MinimumVisualStudioVersion = 10.0.40219.1
Project("{2150E333-8FDC-42A3-9474-1A3956D46DE8}") = "libs", "libs", "{5F1382A7-6BA3-425D-8D5A-1B06CFFBDACF}"
EndProject
Project("{8BC9CEB8-8B4A-11D0-8D11-00A0C91BC942}") = "db_interface", "src\libs\db_interface\db_interface.vcxproj", "{07AF4FC7-95D2-4835-9694-BF9DD72D9FEB}"
EndProject
Project("{8BC9CEB8-8B4A-11D0-8D11-00A0C91BC942}") = "db_mysql", "src\libs\db_mysql\db_mysql.vcxproj", "{4684096F-6FC1-417F-A777-F40C9CA17E6D}"
EndProject
Project("{8BC9CEB8-8B4A-11D0-8D11-00A0C91BC942}") = "db_redis", "src\libs\db_redis\db_redis.vcxproj", "{39ACD047-CAB7-4537-B6CE-D74AEC9F6C81}"
EndProject
Project("{8BC9CEB8-8B4A-11D0-8D11-00A0C91BC942}") = "entitydef", "src\libs\entitydef\entitydef.vcxproj", "{89DC40A8-6336-4CEB-94DC-32AD80BA59C0}"
EndProject
Project("{8BC9CEB8-8B4A-11D0-8D11-00A0C91BC942}") = "helper", "src\libs\helper\helper.vcxproj", "{F4A45029-A811-444C-9108-F8DD8DA2C7C0}"
EndProject
Project("{8BC9CEB8-8B4A-11D0-8D11-00A0C91BC942}") = "math", "src\libs\math\math.vcxproj", "{5BD1FF95-FB09-43BC-BAAF-02927D22E6D2}"
EndProject
Project("{8BC9CEB8-8B4A-11D0-8D11-00A0C91BC942}") = "navigation", "src\libs\navigation\navigation.vcxproj", "{71FA4ADE-05E8-4E36-8DB7-D7E2DDF9C403}"
EndProject
Project("{8BC9CEB8-8B4A-11D0-8D11-00A0C91BC942}") = "network", "src\libs\network\network.vcxproj", "{B2AEC3C0-CD49-479D-A15F-84506876D783}"
EndProject
Project("{8BC9CEB8-8B4A-11D0-8D11-00A0C91BC942}") = "pyscript", "src\libs\pyscript\pyscript.vcxproj", "{58521742-B9A9-49E3-979F-741407E82BA4}"
EndProject
Project("{8BC9CEB8-8B4A-11D0-8D11-00A0C91BC942}") = "resmgr", "src\libs\resmgr\resmgr.vcxproj", "{0BC068AF-25E2-4249-A2C8-4BD950A3C627}"
EndProject
Project("{8BC9CEB8-8B4A-11D0-8D11-00A0C91BC942}") = "server", "src\libs\server\server.vcxproj", "{CE5877E1-6F56-486A-9B33-723479AADBD9}"
EndProject
Project("{8BC9CEB8-8B4A-11D0-8D11-00A0C91BC942}") = "thread", "src\libs\thread\thread.vcxproj", "{714A4378-ED10-4A99-857C-9BE30148BAF1}"
EndProject
Project("{8BC9CEB8-8B4A-11D0-8D11-00A0C91BC942}") = "xml", "src\libs\xml\xml.vcxproj", "{595FC7E8-8EE0-49B9-8343-C414500392AF}"
EndProject
Project("{8BC9CEB8-8B4A-11D0-8D11-00A0C91BC942}") = "client_lib", "src\libs\client_lib\client_lib.vcxproj", "{C2B79AD2-C45F-49E7-A72F-A8E4647E34E0}"
EndProject
Project("{8BC9CEB8-8B4A-11D0-8D11-00A0C91BC942}") = "common", "src\libs\common\common.vcxproj", "{58C49D62-7051-40F7-A0F5-4CF678F8F273}"
EndProject
Project("{2150E333-8FDC-42A3-9474-1A3956D46DE8}") = "srv-apps", "srv-apps", "{C5F4A069-2607-44C9-B83A-5EFD67E4EB86}"
EndProject
Project("{2150E333-8FDC-42A3-9474-1A3956D46DE8}") = "srv-tools", "srv-tools", "{15C2BE98-4A6E-4F15-BE69-B68CDF42D270}"
EndProject
Project("{8BC9CEB8-8B4A-11D0-8D11-00A0C91BC942}") = "baseapp", "src\server\baseapp\baseapp.vcxproj", "{931F84EB-E10E-492B-939F-362C3C319604}"
EndProject
Project("{8BC9CEB8-8B4A-11D0-8D11-00A0C91BC942}") = "baseappmgr", "src\server\baseappmgr\baseappmgr.vcxproj", "{EA3AB4FD-94C7-41C6-AAD6-576946699807}"
	ProjectSection(ProjectDependencies) = postProject
		{0BC068AF-25E2-4249-A2C8-4BD950A3C627} = {0BC068AF-25E2-4249-A2C8-4BD950A3C627}
		{595FC7E8-8EE0-49B9-8343-C414500392AF} = {595FC7E8-8EE0-49B9-8343-C414500392AF}
		{5BD1FF95-FB09-43BC-BAAF-02927D22E6D2} = {5BD1FF95-FB09-43BC-BAAF-02927D22E6D2}
		{714A4378-ED10-4A99-857C-9BE30148BAF1} = {714A4378-ED10-4A99-857C-9BE30148BAF1}
		{89DC40A8-6336-4CEB-94DC-32AD80BA59C0} = {89DC40A8-6336-4CEB-94DC-32AD80BA59C0}
		{CE5877E1-6F56-486A-9B33-723479AADBD9} = {CE5877E1-6F56-486A-9B33-723479AADBD9}
	EndProjectSection
EndProject
Project("{8BC9CEB8-8B4A-11D0-8D11-00A0C91BC942}") = "cellapp", "src\server\cellapp\cellapp.vcxproj", "{714B4569-1371-44A2-91DF-70AFE1EAB7C4}"
	ProjectSection(ProjectDependencies) = postProject
		{0BC068AF-25E2-4249-A2C8-4BD950A3C627} = {0BC068AF-25E2-4249-A2C8-4BD950A3C627}
		{595FC7E8-8EE0-49B9-8343-C414500392AF} = {595FC7E8-8EE0-49B9-8343-C414500392AF}
		{5BD1FF95-FB09-43BC-BAAF-02927D22E6D2} = {5BD1FF95-FB09-43BC-BAAF-02927D22E6D2}
		{714A4378-ED10-4A99-857C-9BE30148BAF1} = {714A4378-ED10-4A99-857C-9BE30148BAF1}
		{71FA4ADE-05E8-4E36-8DB7-D7E2DDF9C403} = {71FA4ADE-05E8-4E36-8DB7-D7E2DDF9C403}
		{89DC40A8-6336-4CEB-94DC-32AD80BA59C0} = {89DC40A8-6336-4CEB-94DC-32AD80BA59C0}
		{CE5877E1-6F56-486A-9B33-723479AADBD9} = {CE5877E1-6F56-486A-9B33-723479AADBD9}
	EndProjectSection
EndProject
Project("{8BC9CEB8-8B4A-11D0-8D11-00A0C91BC942}") = "cellappmgr", "src\server\cellappmgr\cellappmgr.vcxproj", "{0FCA9458-AA83-4438-8904-CA63F7470A92}"
	ProjectSection(ProjectDependencies) = postProject
		{0BC068AF-25E2-4249-A2C8-4BD950A3C627} = {0BC068AF-25E2-4249-A2C8-4BD950A3C627}
		{595FC7E8-8EE0-49B9-8343-C414500392AF} = {595FC7E8-8EE0-49B9-8343-C414500392AF}
		{5BD1FF95-FB09-43BC-BAAF-02927D22E6D2} = {5BD1FF95-FB09-43BC-BAAF-02927D22E6D2}
		{714A4378-ED10-4A99-857C-9BE30148BAF1} = {714A4378-ED10-4A99-857C-9BE30148BAF1}
		{CE5877E1-6F56-486A-9B33-723479AADBD9} = {CE5877E1-6F56-486A-9B33-723479AADBD9}
	EndProjectSection
EndProject
Project("{8BC9CEB8-8B4A-11D0-8D11-00A0C91BC942}") = "dbmgr", "src\server\dbmgr\dbmgr.vcxproj", "{E6AD9B30-949E-43E6-8280-0D0AF93E1284}"
	ProjectSection(ProjectDependencies) = postProject
		{07AF4FC7-95D2-4835-9694-BF9DD72D9FEB} = {07AF4FC7-95D2-4835-9694-BF9DD72D9FEB}
		{0BC068AF-25E2-4249-A2C8-4BD950A3C627} = {0BC068AF-25E2-4249-A2C8-4BD950A3C627}
		{595FC7E8-8EE0-49B9-8343-C414500392AF} = {595FC7E8-8EE0-49B9-8343-C414500392AF}
		{5BD1FF95-FB09-43BC-BAAF-02927D22E6D2} = {5BD1FF95-FB09-43BC-BAAF-02927D22E6D2}
		{714A4378-ED10-4A99-857C-9BE30148BAF1} = {714A4378-ED10-4A99-857C-9BE30148BAF1}
		{89DC40A8-6336-4CEB-94DC-32AD80BA59C0} = {89DC40A8-6336-4CEB-94DC-32AD80BA59C0}
		{CE5877E1-6F56-486A-9B33-723479AADBD9} = {CE5877E1-6F56-486A-9B33-723479AADBD9}
	EndProjectSection
EndProject
Project("{8BC9CEB8-8B4A-11D0-8D11-00A0C91BC942}") = "loginapp", "src\server\loginapp\loginapp.vcxproj", "{19780856-B980-4E51-B55B-6B527D4E5071}"
	ProjectSection(ProjectDependencies) = postProject
		{0BC068AF-25E2-4249-A2C8-4BD950A3C627} = {0BC068AF-25E2-4249-A2C8-4BD950A3C627}
		{595FC7E8-8EE0-49B9-8343-C414500392AF} = {595FC7E8-8EE0-49B9-8343-C414500392AF}
		{5BD1FF95-FB09-43BC-BAAF-02927D22E6D2} = {5BD1FF95-FB09-43BC-BAAF-02927D22E6D2}
		{714A4378-ED10-4A99-857C-9BE30148BAF1} = {714A4378-ED10-4A99-857C-9BE30148BAF1}
		{89DC40A8-6336-4CEB-94DC-32AD80BA59C0} = {89DC40A8-6336-4CEB-94DC-32AD80BA59C0}
		{CE5877E1-6F56-486A-9B33-723479AADBD9} = {CE5877E1-6F56-486A-9B33-723479AADBD9}
	EndProjectSection
EndProject
Project("{8BC9CEB8-8B4A-11D0-8D11-00A0C91BC942}") = "machine", "src\server\machine\machine.vcxproj", "{4691B52D-45A4-46B6-B363-251884D4B700}"
EndProject
Project("{8BC9CEB8-8B4A-11D0-8D11-00A0C91BC942}") = "interfaces", "src\tools\interfaces\interfaces.vcxproj", "{EF3EB6D4-D6E3-402E-8019-2F6E6E3DB444}"
EndProject
Project("{8BC9CEB8-8B4A-11D0-8D11-00A0C91BC942}") = "kbcmd", "src\tools\kbcmd\kbcmd.vcxproj", "{6288D6F4-EDC3-4E1E-90F1-5D3BF57AE0C1}"
EndProject
Project("{8BC9CEB8-8B4A-11D0-8D11-00A0C91BC942}") = "logger", "src\tools\logger\logger.vcxproj", "{47B4BECD-1954-4A95-8B60-8020AEE96CB2}"
EndProject
Project("{8BC9CEB8-8B4A-11D0-8D11-00A0C91BC942}") = "bots", "src\tools\bots\bots.vcxproj", "{524E0F6C-9571-4C70-AADD-8333C614668B}"
EndProject
Global
	GlobalSection(SolutionConfigurationPlatforms) = preSolution
		Debug|ARM = Debug|ARM
		Debug|ARM64 = Debug|ARM64
		Debug|x64 = Debug|x64
		Debug|x86 = Debug|x86
		Release|ARM = Release|ARM
		Release|ARM64 = Release|ARM64
		Release|x64 = Release|x64
		Release|x86 = Release|x86
	EndGlobalSection
	GlobalSection(ProjectConfigurationPlatforms) = postSolution
		{07AF4FC7-95D2-4835-9694-BF9DD72D9FEB}.Debug|ARM.ActiveCfg = Debug|ARM
		{07AF4FC7-95D2-4835-9694-BF9DD72D9FEB}.Debug|ARM.Build.0 = Debug|ARM
		{07AF4FC7-95D2-4835-9694-BF9DD72D9FEB}.Debug|ARM.Deploy.0 = Debug|ARM
		{07AF4FC7-95D2-4835-9694-BF9DD72D9FEB}.Debug|ARM64.ActiveCfg = Debug|ARM64
		{07AF4FC7-95D2-4835-9694-BF9DD72D9FEB}.Debug|ARM64.Build.0 = Debug|ARM64
		{07AF4FC7-95D2-4835-9694-BF9DD72D9FEB}.Debug|ARM64.Deploy.0 = Debug|ARM64
		{07AF4FC7-95D2-4835-9694-BF9DD72D9FEB}.Debug|x64.ActiveCfg = Debug|x64
		{07AF4FC7-95D2-4835-9694-BF9DD72D9FEB}.Debug|x64.Build.0 = Debug|x64
		{07AF4FC7-95D2-4835-9694-BF9DD72D9FEB}.Debug|x64.Deploy.0 = Debug|x64
		{07AF4FC7-95D2-4835-9694-BF9DD72D9FEB}.Debug|x86.ActiveCfg = Debug|x86
		{07AF4FC7-95D2-4835-9694-BF9DD72D9FEB}.Debug|x86.Build.0 = Debug|x86
		{07AF4FC7-95D2-4835-9694-BF9DD72D9FEB}.Debug|x86.Deploy.0 = Debug|x86
		{07AF4FC7-95D2-4835-9694-BF9DD72D9FEB}.Release|ARM.ActiveCfg = Release|ARM
		{07AF4FC7-95D2-4835-9694-BF9DD72D9FEB}.Release|ARM.Build.0 = Release|ARM
		{07AF4FC7-95D2-4835-9694-BF9DD72D9FEB}.Release|ARM.Deploy.0 = Release|ARM
		{07AF4FC7-95D2-4835-9694-BF9DD72D9FEB}.Release|ARM64.ActiveCfg = Release|ARM64
		{07AF4FC7-95D2-4835-9694-BF9DD72D9FEB}.Release|ARM64.Build.0 = Release|ARM64
		{07AF4FC7-95D2-4835-9694-BF9DD72D9FEB}.Release|ARM64.Deploy.0 = Release|ARM64
		{07AF4FC7-95D2-4835-9694-BF9DD72D9FEB}.Release|x64.ActiveCfg = Release|x64
		{07AF4FC7-95D2-4835-9694-BF9DD72D9FEB}.Release|x64.Build.0 = Release|x64
		{07AF4FC7-95D2-4835-9694-BF9DD72D9FEB}.Release|x64.Deploy.0 = Release|x64
		{07AF4FC7-95D2-4835-9694-BF9DD72D9FEB}.Release|x86.ActiveCfg = Release|x86
		{07AF4FC7-95D2-4835-9694-BF9DD72D9FEB}.Release|x86.Build.0 = Release|x86
		{07AF4FC7-95D2-4835-9694-BF9DD72D9FEB}.Release|x86.Deploy.0 = Release|x86
		{4684096F-6FC1-417F-A777-F40C9CA17E6D}.Debug|ARM.ActiveCfg = Debug|ARM
		{4684096F-6FC1-417F-A777-F40C9CA17E6D}.Debug|ARM.Build.0 = Debug|ARM
		{4684096F-6FC1-417F-A777-F40C9CA17E6D}.Debug|ARM.Deploy.0 = Debug|ARM
		{4684096F-6FC1-417F-A777-F40C9CA17E6D}.Debug|ARM64.ActiveCfg = Debug|ARM64
		{4684096F-6FC1-417F-A777-F40C9CA17E6D}.Debug|ARM64.Build.0 = Debug|ARM64
		{4684096F-6FC1-417F-A777-F40C9CA17E6D}.Debug|ARM64.Deploy.0 = Debug|ARM64
		{4684096F-6FC1-417F-A777-F40C9CA17E6D}.Debug|x64.ActiveCfg = Debug|x64
		{4684096F-6FC1-417F-A777-F40C9CA17E6D}.Debug|x64.Build.0 = Debug|x64
		{4684096F-6FC1-417F-A777-F40C9CA17E6D}.Debug|x64.Deploy.0 = Debug|x64
		{4684096F-6FC1-417F-A777-F40C9CA17E6D}.Debug|x86.ActiveCfg = Debug|x86
		{4684096F-6FC1-417F-A777-F40C9CA17E6D}.Debug|x86.Build.0 = Debug|x86
		{4684096F-6FC1-417F-A777-F40C9CA17E6D}.Debug|x86.Deploy.0 = Debug|x86
		{4684096F-6FC1-417F-A777-F40C9CA17E6D}.Release|ARM.ActiveCfg = Release|ARM
		{4684096F-6FC1-417F-A777-F40C9CA17E6D}.Release|ARM.Build.0 = Release|ARM
		{4684096F-6FC1-417F-A777-F40C9CA17E6D}.Release|ARM.Deploy.0 = Release|ARM
		{4684096F-6FC1-417F-A777-F40C9CA17E6D}.Release|ARM64.ActiveCfg = Release|ARM64
		{4684096F-6FC1-417F-A777-F40C9CA17E6D}.Release|ARM64.Build.0 = Release|ARM64
		{4684096F-6FC1-417F-A777-F40C9CA17E6D}.Release|ARM64.Deploy.0 = Release|ARM64
		{4684096F-6FC1-417F-A777-F40C9CA17E6D}.Release|x64.ActiveCfg = Release|x64
		{4684096F-6FC1-417F-A777-F40C9CA17E6D}.Release|x64.Build.0 = Release|x64
		{4684096F-6FC1-417F-A777-F40C9CA17E6D}.Release|x64.Deploy.0 = Release|x64
		{4684096F-6FC1-417F-A777-F40C9CA17E6D}.Release|x86.ActiveCfg = Release|x86
		{4684096F-6FC1-417F-A777-F40C9CA17E6D}.Release|x86.Build.0 = Release|x86
		{4684096F-6FC1-417F-A777-F40C9CA17E6D}.Release|x86.Deploy.0 = Release|x86
		{39ACD047-CAB7-4537-B6CE-D74AEC9F6C81}.Debug|ARM.ActiveCfg = Debug|ARM
		{39ACD047-CAB7-4537-B6CE-D74AEC9F6C81}.Debug|ARM.Build.0 = Debug|ARM
		{39ACD047-CAB7-4537-B6CE-D74AEC9F6C81}.Debug|ARM.Deploy.0 = Debug|ARM
		{39ACD047-CAB7-4537-B6CE-D74AEC9F6C81}.Debug|ARM64.ActiveCfg = Debug|ARM64
		{39ACD047-CAB7-4537-B6CE-D74AEC9F6C81}.Debug|ARM64.Build.0 = Debug|ARM64
		{39ACD047-CAB7-4537-B6CE-D74AEC9F6C81}.Debug|ARM64.Deploy.0 = Debug|ARM64
		{39ACD047-CAB7-4537-B6CE-D74AEC9F6C81}.Debug|x64.ActiveCfg = Debug|x64
		{39ACD047-CAB7-4537-B6CE-D74AEC9F6C81}.Debug|x64.Build.0 = Debug|x64
		{39ACD047-CAB7-4537-B6CE-D74AEC9F6C81}.Debug|x64.Deploy.0 = Debug|x64
		{39ACD047-CAB7-4537-B6CE-D74AEC9F6C81}.Debug|x86.ActiveCfg = Debug|x86
		{39ACD047-CAB7-4537-B6CE-D74AEC9F6C81}.Debug|x86.Build.0 = Debug|x86
		{39ACD047-CAB7-4537-B6CE-D74AEC9F6C81}.Debug|x86.Deploy.0 = Debug|x86
		{39ACD047-CAB7-4537-B6CE-D74AEC9F6C81}.Release|ARM.ActiveCfg = Release|ARM
		{39ACD047-CAB7-4537-B6CE-D74AEC9F6C81}.Release|ARM.Build.0 = Release|ARM
		{39ACD047-CAB7-4537-B6CE-D74AEC9F6C81}.Release|ARM.Deploy.0 = Release|ARM
		{39ACD047-CAB7-4537-B6CE-D74AEC9F6C81}.Release|ARM64.ActiveCfg = Release|ARM64
		{39ACD047-CAB7-4537-B6CE-D74AEC9F6C81}.Release|ARM64.Build.0 = Release|ARM64
		{39ACD047-CAB7-4537-B6CE-D74AEC9F6C81}.Release|ARM64.Deploy.0 = Release|ARM64
		{39ACD047-CAB7-4537-B6CE-D74AEC9F6C81}.Release|x64.ActiveCfg = Release|x64
		{39ACD047-CAB7-4537-B6CE-D74AEC9F6C81}.Release|x64.Build.0 = Release|x64
		{39ACD047-CAB7-4537-B6CE-D74AEC9F6C81}.Release|x64.Deploy.0 = Release|x64
		{39ACD047-CAB7-4537-B6CE-D74AEC9F6C81}.Release|x86.ActiveCfg = Release|x86
		{39ACD047-CAB7-4537-B6CE-D74AEC9F6C81}.Release|x86.Build.0 = Release|x86
		{39ACD047-CAB7-4537-B6CE-D74AEC9F6C81}.Release|x86.Deploy.0 = Release|x86
		{89DC40A8-6336-4CEB-94DC-32AD80BA59C0}.Debug|ARM.ActiveCfg = Debug|ARM
		{89DC40A8-6336-4CEB-94DC-32AD80BA59C0}.Debug|ARM.Build.0 = Debug|ARM
		{89DC40A8-6336-4CEB-94DC-32AD80BA59C0}.Debug|ARM.Deploy.0 = Debug|ARM
		{89DC40A8-6336-4CEB-94DC-32AD80BA59C0}.Debug|ARM64.ActiveCfg = Debug|ARM64
		{89DC40A8-6336-4CEB-94DC-32AD80BA59C0}.Debug|ARM64.Build.0 = Debug|ARM64
		{89DC40A8-6336-4CEB-94DC-32AD80BA59C0}.Debug|ARM64.Deploy.0 = Debug|ARM64
		{89DC40A8-6336-4CEB-94DC-32AD80BA59C0}.Debug|x64.ActiveCfg = Debug|x64
		{89DC40A8-6336-4CEB-94DC-32AD80BA59C0}.Debug|x64.Build.0 = Debug|x64
		{89DC40A8-6336-4CEB-94DC-32AD80BA59C0}.Debug|x64.Deploy.0 = Debug|x64
		{89DC40A8-6336-4CEB-94DC-32AD80BA59C0}.Debug|x86.ActiveCfg = Debug|x86
		{89DC40A8-6336-4CEB-94DC-32AD80BA59C0}.Debug|x86.Build.0 = Debug|x86
		{89DC40A8-6336-4CEB-94DC-32AD80BA59C0}.Debug|x86.Deploy.0 = Debug|x86
		{89DC40A8-6336-4CEB-94DC-32AD80BA59C0}.Release|ARM.ActiveCfg = Release|ARM
		{89DC40A8-6336-4CEB-94DC-32AD80BA59C0}.Release|ARM.Build.0 = Release|ARM
		{89DC40A8-6336-4CEB-94DC-32AD80BA59C0}.Release|ARM.Deploy.0 = Release|ARM
		{89DC40A8-6336-4CEB-94DC-32AD80BA59C0}.Release|ARM64.ActiveCfg = Release|ARM64
		{89DC40A8-6336-4CEB-94DC-32AD80BA59C0}.Release|ARM64.Build.0 = Release|ARM64
		{89DC40A8-6336-4CEB-94DC-32AD80BA59C0}.Release|ARM64.Deploy.0 = Release|ARM64
		{89DC40A8-6336-4CEB-94DC-32AD80BA59C0}.Release|x64.ActiveCfg = Release|x64
		{89DC40A8-6336-4CEB-94DC-32AD80BA59C0}.Release|x64.Build.0 = Release|x64
		{89DC40A8-6336-4CEB-94DC-32AD80BA59C0}.Release|x64.Deploy.0 = Release|x64
		{89DC40A8-6336-4CEB-94DC-32AD80BA59C0}.Release|x86.ActiveCfg = Release|x86
		{89DC40A8-6336-4CEB-94DC-32AD80BA59C0}.Release|x86.Build.0 = Release|x86
		{89DC40A8-6336-4CEB-94DC-32AD80BA59C0}.Release|x86.Deploy.0 = Release|x86
		{F4A45029-A811-444C-9108-F8DD8DA2C7C0}.Debug|ARM.ActiveCfg = Debug|ARM
		{F4A45029-A811-444C-9108-F8DD8DA2C7C0}.Debug|ARM.Build.0 = Debug|ARM
		{F4A45029-A811-444C-9108-F8DD8DA2C7C0}.Debug|ARM.Deploy.0 = Debug|ARM
		{F4A45029-A811-444C-9108-F8DD8DA2C7C0}.Debug|ARM64.ActiveCfg = Debug|ARM64
		{F4A45029-A811-444C-9108-F8DD8DA2C7C0}.Debug|ARM64.Build.0 = Debug|ARM64
		{F4A45029-A811-444C-9108-F8DD8DA2C7C0}.Debug|ARM64.Deploy.0 = Debug|ARM64
		{F4A45029-A811-444C-9108-F8DD8DA2C7C0}.Debug|x64.ActiveCfg = Debug|x64
		{F4A45029-A811-444C-9108-F8DD8DA2C7C0}.Debug|x64.Build.0 = Debug|x64
		{F4A45029-A811-444C-9108-F8DD8DA2C7C0}.Debug|x64.Deploy.0 = Debug|x64
		{F4A45029-A811-444C-9108-F8DD8DA2C7C0}.Debug|x86.ActiveCfg = Debug|x86
		{F4A45029-A811-444C-9108-F8DD8DA2C7C0}.Debug|x86.Build.0 = Debug|x86
		{F4A45029-A811-444C-9108-F8DD8DA2C7C0}.Debug|x86.Deploy.0 = Debug|x86
		{F4A45029-A811-444C-9108-F8DD8DA2C7C0}.Release|ARM.ActiveCfg = Release|ARM
		{F4A45029-A811-444C-9108-F8DD8DA2C7C0}.Release|ARM.Build.0 = Release|ARM
		{F4A45029-A811-444C-9108-F8DD8DA2C7C0}.Release|ARM.Deploy.0 = Release|ARM
		{F4A45029-A811-444C-9108-F8DD8DA2C7C0}.Release|ARM64.ActiveCfg = Release|ARM64
		{F4A45029-A811-444C-9108-F8DD8DA2C7C0}.Release|ARM64.Build.0 = Release|ARM64
		{F4A45029-A811-444C-9108-F8DD8DA2C7C0}.Release|ARM64.Deploy.0 = Release|ARM64
		{F4A45029-A811-444C-9108-F8DD8DA2C7C0}.Release|x64.ActiveCfg = Release|x64
		{F4A45029-A811-444C-9108-F8DD8DA2C7C0}.Release|x64.Build.0 = Release|x64
		{F4A45029-A811-444C-9108-F8DD8DA2C7C0}.Release|x64.Deploy.0 = Release|x64
		{F4A45029-A811-444C-9108-F8DD8DA2C7C0}.Release|x86.ActiveCfg = Release|x86
		{F4A45029-A811-444C-9108-F8DD8DA2C7C0}.Release|x86.Build.0 = Release|x86
		{F4A45029-A811-444C-9108-F8DD8DA2C7C0}.Release|x86.Deploy.0 = Release|x86
		{5BD1FF95-FB09-43BC-BAAF-02927D22E6D2}.Debug|ARM.ActiveCfg = Debug|ARM
		{5BD1FF95-FB09-43BC-BAAF-02927D22E6D2}.Debug|ARM.Build.0 = Debug|ARM
		{5BD1FF95-FB09-43BC-BAAF-02927D22E6D2}.Debug|ARM.Deploy.0 = Debug|ARM
		{5BD1FF95-FB09-43BC-BAAF-02927D22E6D2}.Debug|ARM64.ActiveCfg = Debug|ARM64
		{5BD1FF95-FB09-43BC-BAAF-02927D22E6D2}.Debug|ARM64.Build.0 = Debug|ARM64
		{5BD1FF95-FB09-43BC-BAAF-02927D22E6D2}.Debug|ARM64.Deploy.0 = Debug|ARM64
		{5BD1FF95-FB09-43BC-BAAF-02927D22E6D2}.Debug|x64.ActiveCfg = Debug|x64
		{5BD1FF95-FB09-43BC-BAAF-02927D22E6D2}.Debug|x64.Build.0 = Debug|x64
		{5BD1FF95-FB09-43BC-BAAF-02927D22E6D2}.Debug|x64.Deploy.0 = Debug|x64
		{5BD1FF95-FB09-43BC-BAAF-02927D22E6D2}.Debug|x86.ActiveCfg = Debug|x86
		{5BD1FF95-FB09-43BC-BAAF-02927D22E6D2}.Debug|x86.Build.0 = Debug|x86
		{5BD1FF95-FB09-43BC-BAAF-02927D22E6D2}.Debug|x86.Deploy.0 = Debug|x86
		{5BD1FF95-FB09-43BC-BAAF-02927D22E6D2}.Release|ARM.ActiveCfg = Release|ARM
		{5BD1FF95-FB09-43BC-BAAF-02927D22E6D2}.Release|ARM.Build.0 = Release|ARM
		{5BD1FF95-FB09-43BC-BAAF-02927D22E6D2}.Release|ARM.Deploy.0 = Release|ARM
		{5BD1FF95-FB09-43BC-BAAF-02927D22E6D2}.Release|ARM64.ActiveCfg = Release|ARM64
		{5BD1FF95-FB09-43BC-BAAF-02927D22E6D2}.Release|ARM64.Build.0 = Release|ARM64
		{5BD1FF95-FB09-43BC-BAAF-02927D22E6D2}.Release|ARM64.Deploy.0 = Release|ARM64
		{5BD1FF95-FB09-43BC-BAAF-02927D22E6D2}.Release|x64.ActiveCfg = Release|x64
		{5BD1FF95-FB09-43BC-BAAF-02927D22E6D2}.Release|x64.Build.0 = Release|x64
		{5BD1FF95-FB09-43BC-BAAF-02927D22E6D2}.Release|x64.Deploy.0 = Release|x64
		{5BD1FF95-FB09-43BC-BAAF-02927D22E6D2}.Release|x86.ActiveCfg = Release|x86
		{5BD1FF95-FB09-43BC-BAAF-02927D22E6D2}.Release|x86.Build.0 = Release|x86
		{5BD1FF95-FB09-43BC-BAAF-02927D22E6D2}.Release|x86.Deploy.0 = Release|x86
		{71FA4ADE-05E8-4E36-8DB7-D7E2DDF9C403}.Debug|ARM.ActiveCfg = Debug|ARM
		{71FA4ADE-05E8-4E36-8DB7-D7E2DDF9C403}.Debug|ARM.Build.0 = Debug|ARM
		{71FA4ADE-05E8-4E36-8DB7-D7E2DDF9C403}.Debug|ARM.Deploy.0 = Debug|ARM
		{71FA4ADE-05E8-4E36-8DB7-D7E2DDF9C403}.Debug|ARM64.ActiveCfg = Debug|ARM64
		{71FA4ADE-05E8-4E36-8DB7-D7E2DDF9C403}.Debug|ARM64.Build.0 = Debug|ARM64
		{71FA4ADE-05E8-4E36-8DB7-D7E2DDF9C403}.Debug|ARM64.Deploy.0 = Debug|ARM64
		{71FA4ADE-05E8-4E36-8DB7-D7E2DDF9C403}.Debug|x64.ActiveCfg = Debug|x64
		{71FA4ADE-05E8-4E36-8DB7-D7E2DDF9C403}.Debug|x64.Build.0 = Debug|x64
		{71FA4ADE-05E8-4E36-8DB7-D7E2DDF9C403}.Debug|x64.Deploy.0 = Debug|x64
		{71FA4ADE-05E8-4E36-8DB7-D7E2DDF9C403}.Debug|x86.ActiveCfg = Debug|x86
		{71FA4ADE-05E8-4E36-8DB7-D7E2DDF9C403}.Debug|x86.Build.0 = Debug|x86
		{71FA4ADE-05E8-4E36-8DB7-D7E2DDF9C403}.Debug|x86.Deploy.0 = Debug|x86
		{71FA4ADE-05E8-4E36-8DB7-D7E2DDF9C403}.Release|ARM.ActiveCfg = Release|ARM
		{71FA4ADE-05E8-4E36-8DB7-D7E2DDF9C403}.Release|ARM.Build.0 = Release|ARM
		{71FA4ADE-05E8-4E36-8DB7-D7E2DDF9C403}.Release|ARM.Deploy.0 = Release|ARM
		{71FA4ADE-05E8-4E36-8DB7-D7E2DDF9C403}.Release|ARM64.ActiveCfg = Release|ARM64
		{71FA4ADE-05E8-4E36-8DB7-D7E2DDF9C403}.Release|ARM64.Build.0 = Release|ARM64
		{71FA4ADE-05E8-4E36-8DB7-D7E2DDF9C403}.Release|ARM64.Deploy.0 = Release|ARM64
		{71FA4ADE-05E8-4E36-8DB7-D7E2DDF9C403}.Release|x64.ActiveCfg = Release|x64
		{71FA4ADE-05E8-4E36-8DB7-D7E2DDF9C403}.Release|x64.Build.0 = Release|x64
		{71FA4ADE-05E8-4E36-8DB7-D7E2DDF9C403}.Release|x64.Deploy.0 = Release|x64
		{71FA4ADE-05E8-4E36-8DB7-D7E2DDF9C403}.Release|x86.ActiveCfg = Release|x86
		{71FA4ADE-05E8-4E36-8DB7-D7E2DDF9C403}.Release|x86.Build.0 = Release|x86
		{71FA4ADE-05E8-4E36-8DB7-D7E2DDF9C403}.Release|x86.Deploy.0 = Release|x86
		{B2AEC3C0-CD49-479D-A15F-84506876D783}.Debug|ARM.ActiveCfg = Debug|ARM
		{B2AEC3C0-CD49-479D-A15F-84506876D783}.Debug|ARM.Build.0 = Debug|ARM
		{B2AEC3C0-CD49-479D-A15F-84506876D783}.Debug|ARM.Deploy.0 = Debug|ARM
		{B2AEC3C0-CD49-479D-A15F-84506876D783}.Debug|ARM64.ActiveCfg = Debug|ARM64
		{B2AEC3C0-CD49-479D-A15F-84506876D783}.Debug|ARM64.Build.0 = Debug|ARM64
		{B2AEC3C0-CD49-479D-A15F-84506876D783}.Debug|ARM64.Deploy.0 = Debug|ARM64
		{B2AEC3C0-CD49-479D-A15F-84506876D783}.Debug|x64.ActiveCfg = Debug|x64
		{B2AEC3C0-CD49-479D-A15F-84506876D783}.Debug|x64.Build.0 = Debug|x64
		{B2AEC3C0-CD49-479D-A15F-84506876D783}.Debug|x64.Deploy.0 = Debug|x64
		{B2AEC3C0-CD49-479D-A15F-84506876D783}.Debug|x86.ActiveCfg = Debug|x86
		{B2AEC3C0-CD49-479D-A15F-84506876D783}.Debug|x86.Build.0 = Debug|x86
		{B2AEC3C0-CD49-479D-A15F-84506876D783}.Debug|x86.Deploy.0 = Debug|x86
		{B2AEC3C0-CD49-479D-A15F-84506876D783}.Release|ARM.ActiveCfg = Release|ARM
		{B2AEC3C0-CD49-479D-A15F-84506876D783}.Release|ARM.Build.0 = Release|ARM
		{B2AEC3C0-CD49-479D-A15F-84506876D783}.Release|ARM.Deploy.0 = Release|ARM
		{B2AEC3C0-CD49-479D-A15F-84506876D783}.Release|ARM64.ActiveCfg = Release|ARM64
		{B2AEC3C0-CD49-479D-A15F-84506876D783}.Release|ARM64.Build.0 = Release|ARM64
		{B2AEC3C0-CD49-479D-A15F-84506876D783}.Release|ARM64.Deploy.0 = Release|ARM64
		{B2AEC3C0-CD49-479D-A15F-84506876D783}.Release|x64.ActiveCfg = Release|x64
		{B2AEC3C0-CD49-479D-A15F-84506876D783}.Release|x64.Build.0 = Release|x64
		{B2AEC3C0-CD49-479D-A15F-84506876D783}.Release|x64.Deploy.0 = Release|x64
		{B2AEC3C0-CD49-479D-A15F-84506876D783}.Release|x86.ActiveCfg = Release|x86
		{B2AEC3C0-CD49-479D-A15F-84506876D783}.Release|x86.Build.0 = Release|x86
		{B2AEC3C0-CD49-479D-A15F-84506876D783}.Release|x86.Deploy.0 = Release|x86
		{58521742-B9A9-49E3-979F-741407E82BA4}.Debug|ARM.ActiveCfg = Debug|ARM
		{58521742-B9A9-49E3-979F-741407E82BA4}.Debug|ARM.Build.0 = Debug|ARM
		{58521742-B9A9-49E3-979F-741407E82BA4}.Debug|ARM.Deploy.0 = Debug|ARM
		{58521742-B9A9-49E3-979F-741407E82BA4}.Debug|ARM64.ActiveCfg = Debug|ARM64
		{58521742-B9A9-49E3-979F-741407E82BA4}.Debug|ARM64.Build.0 = Debug|ARM64
		{58521742-B9A9-49E3-979F-741407E82BA4}.Debug|ARM64.Deploy.0 = Debug|ARM64
		{58521742-B9A9-49E3-979F-741407E82BA4}.Debug|x64.ActiveCfg = Debug|x64
		{58521742-B9A9-49E3-979F-741407E82BA4}.Debug|x64.Build.0 = Debug|x64
		{58521742-B9A9-49E3-979F-741407E82BA4}.Debug|x64.Deploy.0 = Debug|x64
		{58521742-B9A9-49E3-979F-741407E82BA4}.Debug|x86.ActiveCfg = Debug|x86
		{58521742-B9A9-49E3-979F-741407E82BA4}.Debug|x86.Build.0 = Debug|x86
		{58521742-B9A9-49E3-979F-741407E82BA4}.Debug|x86.Deploy.0 = Debug|x86
		{58521742-B9A9-49E3-979F-741407E82BA4}.Release|ARM.ActiveCfg = Release|ARM
		{58521742-B9A9-49E3-979F-741407E82BA4}.Release|ARM.Build.0 = Release|ARM
		{58521742-B9A9-49E3-979F-741407E82BA4}.Release|ARM.Deploy.0 = Release|ARM
		{58521742-B9A9-49E3-979F-741407E82BA4}.Release|ARM64.ActiveCfg = Release|ARM64
		{58521742-B9A9-49E3-979F-741407E82BA4}.Release|ARM64.Build.0 = Release|ARM64
		{58521742-B9A9-49E3-979F-741407E82BA4}.Release|ARM64.Deploy.0 = Release|ARM64
		{58521742-B9A9-49E3-979F-741407E82BA4}.Release|x64.ActiveCfg = Release|x64
		{58521742-B9A9-49E3-979F-741407E82BA4}.Release|x64.Build.0 = Release|x64
		{58521742-B9A9-49E3-979F-741407E82BA4}.Release|x64.Deploy.0 = Release|x64
		{58521742-B9A9-49E3-979F-741407E82BA4}.Release|x86.ActiveCfg = Release|x86
		{58521742-B9A9-49E3-979F-741407E82BA4}.Release|x86.Build.0 = Release|x86
		{58521742-B9A9-49E3-979F-741407E82BA4}.Release|x86.Deploy.0 = Release|x86
		{0BC068AF-25E2-4249-A2C8-4BD950A3C627}.Debug|ARM.ActiveCfg = Debug|ARM
		{0BC068AF-25E2-4249-A2C8-4BD950A3C627}.Debug|ARM.Build.0 = Debug|ARM
		{0BC068AF-25E2-4249-A2C8-4BD950A3C627}.Debug|ARM.Deploy.0 = Debug|ARM
		{0BC068AF-25E2-4249-A2C8-4BD950A3C627}.Debug|ARM64.ActiveCfg = Debug|ARM64
		{0BC068AF-25E2-4249-A2C8-4BD950A3C627}.Debug|ARM64.Build.0 = Debug|ARM64
		{0BC068AF-25E2-4249-A2C8-4BD950A3C627}.Debug|ARM64.Deploy.0 = Debug|ARM64
		{0BC068AF-25E2-4249-A2C8-4BD950A3C627}.Debug|x64.ActiveCfg = Debug|x64
		{0BC068AF-25E2-4249-A2C8-4BD950A3C627}.Debug|x64.Build.0 = Debug|x64
		{0BC068AF-25E2-4249-A2C8-4BD950A3C627}.Debug|x64.Deploy.0 = Debug|x64
		{0BC068AF-25E2-4249-A2C8-4BD950A3C627}.Debug|x86.ActiveCfg = Debug|x86
		{0BC068AF-25E2-4249-A2C8-4BD950A3C627}.Debug|x86.Build.0 = Debug|x86
		{0BC068AF-25E2-4249-A2C8-4BD950A3C627}.Debug|x86.Deploy.0 = Debug|x86
		{0BC068AF-25E2-4249-A2C8-4BD950A3C627}.Release|ARM.ActiveCfg = Release|ARM
		{0BC068AF-25E2-4249-A2C8-4BD950A3C627}.Release|ARM.Build.0 = Release|ARM
		{0BC068AF-25E2-4249-A2C8-4BD950A3C627}.Release|ARM.Deploy.0 = Release|ARM
		{0BC068AF-25E2-4249-A2C8-4BD950A3C627}.Release|ARM64.ActiveCfg = Release|ARM64
		{0BC068AF-25E2-4249-A2C8-4BD950A3C627}.Release|ARM64.Build.0 = Release|ARM64
		{0BC068AF-25E2-4249-A2C8-4BD950A3C627}.Release|ARM64.Deploy.0 = Release|ARM64
		{0BC068AF-25E2-4249-A2C8-4BD950A3C627}.Release|x64.ActiveCfg = Release|x64
		{0BC068AF-25E2-4249-A2C8-4BD950A3C627}.Release|x64.Build.0 = Release|x64
		{0BC068AF-25E2-4249-A2C8-4BD950A3C627}.Release|x64.Deploy.0 = Release|x64
		{0BC068AF-25E2-4249-A2C8-4BD950A3C627}.Release|x86.ActiveCfg = Release|x86
		{0BC068AF-25E2-4249-A2C8-4BD950A3C627}.Release|x86.Build.0 = Release|x86
		{0BC068AF-25E2-4249-A2C8-4BD950A3C627}.Release|x86.Deploy.0 = Release|x86
		{CE5877E1-6F56-486A-9B33-723479AADBD9}.Debug|ARM.ActiveCfg = Debug|ARM
		{CE5877E1-6F56-486A-9B33-723479AADBD9}.Debug|ARM.Build.0 = Debug|ARM
		{CE5877E1-6F56-486A-9B33-723479AADBD9}.Debug|ARM.Deploy.0 = Debug|ARM
		{CE5877E1-6F56-486A-9B33-723479AADBD9}.Debug|ARM64.ActiveCfg = Debug|ARM64
		{CE5877E1-6F56-486A-9B33-723479AADBD9}.Debug|ARM64.Build.0 = Debug|ARM64
		{CE5877E1-6F56-486A-9B33-723479AADBD9}.Debug|ARM64.Deploy.0 = Debug|ARM64
		{CE5877E1-6F56-486A-9B33-723479AADBD9}.Debug|x64.ActiveCfg = Debug|x64
		{CE5877E1-6F56-486A-9B33-723479AADBD9}.Debug|x64.Build.0 = Debug|x64
		{CE5877E1-6F56-486A-9B33-723479AADBD9}.Debug|x64.Deploy.0 = Debug|x64
		{CE5877E1-6F56-486A-9B33-723479AADBD9}.Debug|x86.ActiveCfg = Debug|x86
		{CE5877E1-6F56-486A-9B33-723479AADBD9}.Debug|x86.Build.0 = Debug|x86
		{CE5877E1-6F56-486A-9B33-723479AADBD9}.Debug|x86.Deploy.0 = Debug|x86
		{CE5877E1-6F56-486A-9B33-723479AADBD9}.Release|ARM.ActiveCfg = Release|ARM
		{CE5877E1-6F56-486A-9B33-723479AADBD9}.Release|ARM.Build.0 = Release|ARM
		{CE5877E1-6F56-486A-9B33-723479AADBD9}.Release|ARM.Deploy.0 = Release|ARM
		{CE5877E1-6F56-486A-9B33-723479AADBD9}.Release|ARM64.ActiveCfg = Release|ARM64
		{CE5877E1-6F56-486A-9B33-723479AADBD9}.Release|ARM64.Build.0 = Release|ARM64
		{CE5877E1-6F56-486A-9B33-723479AADBD9}.Release|ARM64.Deploy.0 = Release|ARM64
		{CE5877E1-6F56-486A-9B33-723479AADBD9}.Release|x64.ActiveCfg = Release|x64
		{CE5877E1-6F56-486A-9B33-723479AADBD9}.Release|x64.Build.0 = Release|x64
		{CE5877E1-6F56-486A-9B33-723479AADBD9}.Release|x64.Deploy.0 = Release|x64
		{CE5877E1-6F56-486A-9B33-723479AADBD9}.Release|x86.ActiveCfg = Release|x86
		{CE5877E1-6F56-486A-9B33-723479AADBD9}.Release|x86.Build.0 = Release|x86
		{CE5877E1-6F56-486A-9B33-723479AADBD9}.Release|x86.Deploy.0 = Release|x86
		{714A4378-ED10-4A99-857C-9BE30148BAF1}.Debug|ARM.ActiveCfg = Debug|ARM
		{714A4378-ED10-4A99-857C-9BE30148BAF1}.Debug|ARM.Build.0 = Debug|ARM
		{714A4378-ED10-4A99-857C-9BE30148BAF1}.Debug|ARM.Deploy.0 = Debug|ARM
		{714A4378-ED10-4A99-857C-9BE30148BAF1}.Debug|ARM64.ActiveCfg = Debug|ARM64
		{714A4378-ED10-4A99-857C-9BE30148BAF1}.Debug|ARM64.Build.0 = Debug|ARM64
		{714A4378-ED10-4A99-857C-9BE30148BAF1}.Debug|ARM64.Deploy.0 = Debug|ARM64
		{714A4378-ED10-4A99-857C-9BE30148BAF1}.Debug|x64.ActiveCfg = Debug|x64
		{714A4378-ED10-4A99-857C-9BE30148BAF1}.Debug|x64.Build.0 = Debug|x64
		{714A4378-ED10-4A99-857C-9BE30148BAF1}.Debug|x64.Deploy.0 = Debug|x64
		{714A4378-ED10-4A99-857C-9BE30148BAF1}.Debug|x86.ActiveCfg = Debug|x86
		{714A4378-ED10-4A99-857C-9BE30148BAF1}.Debug|x86.Build.0 = Debug|x86
		{714A4378-ED10-4A99-857C-9BE30148BAF1}.Debug|x86.Deploy.0 = Debug|x86
		{714A4378-ED10-4A99-857C-9BE30148BAF1}.Release|ARM.ActiveCfg = Release|ARM
		{714A4378-ED10-4A99-857C-9BE30148BAF1}.Release|ARM.Build.0 = Release|ARM
		{714A4378-ED10-4A99-857C-9BE30148BAF1}.Release|ARM.Deploy.0 = Release|ARM
		{714A4378-ED10-4A99-857C-9BE30148BAF1}.Release|ARM64.ActiveCfg = Release|ARM64
		{714A4378-ED10-4A99-857C-9BE30148BAF1}.Release|ARM64.Build.0 = Release|ARM64
		{714A4378-ED10-4A99-857C-9BE30148BAF1}.Release|ARM64.Deploy.0 = Release|ARM64
		{714A4378-ED10-4A99-857C-9BE30148BAF1}.Release|x64.ActiveCfg = Release|x64
		{714A4378-ED10-4A99-857C-9BE30148BAF1}.Release|x64.Build.0 = Release|x64
		{714A4378-ED10-4A99-857C-9BE30148BAF1}.Release|x64.Deploy.0 = Release|x64
		{714A4378-ED10-4A99-857C-9BE30148BAF1}.Release|x86.ActiveCfg = Release|x86
		{714A4378-ED10-4A99-857C-9BE30148BAF1}.Release|x86.Build.0 = Release|x86
		{714A4378-ED10-4A99-857C-9BE30148BAF1}.Release|x86.Deploy.0 = Release|x86
		{595FC7E8-8EE0-49B9-8343-C414500392AF}.Debug|ARM.ActiveCfg = Debug|ARM
		{595FC7E8-8EE0-49B9-8343-C414500392AF}.Debug|ARM.Build.0 = Debug|ARM
		{595FC7E8-8EE0-49B9-8343-C414500392AF}.Debug|ARM.Deploy.0 = Debug|ARM
		{595FC7E8-8EE0-49B9-8343-C414500392AF}.Debug|ARM64.ActiveCfg = Debug|ARM64
		{595FC7E8-8EE0-49B9-8343-C414500392AF}.Debug|ARM64.Build.0 = Debug|ARM64
		{595FC7E8-8EE0-49B9-8343-C414500392AF}.Debug|ARM64.Deploy.0 = Debug|ARM64
		{595FC7E8-8EE0-49B9-8343-C414500392AF}.Debug|x64.ActiveCfg = Debug|x64
		{595FC7E8-8EE0-49B9-8343-C414500392AF}.Debug|x64.Build.0 = Debug|x64
		{595FC7E8-8EE0-49B9-8343-C414500392AF}.Debug|x64.Deploy.0 = Debug|x64
		{595FC7E8-8EE0-49B9-8343-C414500392AF}.Debug|x86.ActiveCfg = Debug|x86
		{595FC7E8-8EE0-49B9-8343-C414500392AF}.Debug|x86.Build.0 = Debug|x86
		{595FC7E8-8EE0-49B9-8343-C414500392AF}.Debug|x86.Deploy.0 = Debug|x86
		{595FC7E8-8EE0-49B9-8343-C414500392AF}.Release|ARM.ActiveCfg = Release|ARM
		{595FC7E8-8EE0-49B9-8343-C414500392AF}.Release|ARM.Build.0 = Release|ARM
		{595FC7E8-8EE0-49B9-8343-C414500392AF}.Release|ARM.Deploy.0 = Release|ARM
		{595FC7E8-8EE0-49B9-8343-C414500392AF}.Release|ARM64.ActiveCfg = Release|ARM64
		{595FC7E8-8EE0-49B9-8343-C414500392AF}.Release|ARM64.Build.0 = Release|ARM64
		{595FC7E8-8EE0-49B9-8343-C414500392AF}.Release|ARM64.Deploy.0 = Release|ARM64
		{595FC7E8-8EE0-49B9-8343-C414500392AF}.Release|x64.ActiveCfg = Release|x64
		{595FC7E8-8EE0-49B9-8343-C414500392AF}.Release|x64.Build.0 = Release|x64
		{595FC7E8-8EE0-49B9-8343-C414500392AF}.Release|x64.Deploy.0 = Release|x64
		{595FC7E8-8EE0-49B9-8343-C414500392AF}.Release|x86.ActiveCfg = Release|x86
		{595FC7E8-8EE0-49B9-8343-C414500392AF}.Release|x86.Build.0 = Release|x86
		{595FC7E8-8EE0-49B9-8343-C414500392AF}.Release|x86.Deploy.0 = Release|x86
		{C2B79AD2-C45F-49E7-A72F-A8E4647E34E0}.Debug|ARM.ActiveCfg = Debug|ARM
		{C2B79AD2-C45F-49E7-A72F-A8E4647E34E0}.Debug|ARM.Build.0 = Debug|ARM
		{C2B79AD2-C45F-49E7-A72F-A8E4647E34E0}.Debug|ARM.Deploy.0 = Debug|ARM
		{C2B79AD2-C45F-49E7-A72F-A8E4647E34E0}.Debug|ARM64.ActiveCfg = Debug|ARM64
		{C2B79AD2-C45F-49E7-A72F-A8E4647E34E0}.Debug|ARM64.Build.0 = Debug|ARM64
		{C2B79AD2-C45F-49E7-A72F-A8E4647E34E0}.Debug|ARM64.Deploy.0 = Debug|ARM64
		{C2B79AD2-C45F-49E7-A72F-A8E4647E34E0}.Debug|x64.ActiveCfg = Debug|x64
		{C2B79AD2-C45F-49E7-A72F-A8E4647E34E0}.Debug|x64.Build.0 = Debug|x64
		{C2B79AD2-C45F-49E7-A72F-A8E4647E34E0}.Debug|x64.Deploy.0 = Debug|x64
		{C2B79AD2-C45F-49E7-A72F-A8E4647E34E0}.Debug|x86.ActiveCfg = Debug|x86
		{C2B79AD2-C45F-49E7-A72F-A8E4647E34E0}.Debug|x86.Build.0 = Debug|x86
		{C2B79AD2-C45F-49E7-A72F-A8E4647E34E0}.Debug|x86.Deploy.0 = Debug|x86
		{C2B79AD2-C45F-49E7-A72F-A8E4647E34E0}.Release|ARM.ActiveCfg = Release|ARM
		{C2B79AD2-C45F-49E7-A72F-A8E4647E34E0}.Release|ARM.Build.0 = Release|ARM
		{C2B79AD2-C45F-49E7-A72F-A8E4647E34E0}.Release|ARM.Deploy.0 = Release|ARM
		{C2B79AD2-C45F-49E7-A72F-A8E4647E34E0}.Release|ARM64.ActiveCfg = Release|ARM64
		{C2B79AD2-C45F-49E7-A72F-A8E4647E34E0}.Release|ARM64.Build.0 = Release|ARM64
		{C2B79AD2-C45F-49E7-A72F-A8E4647E34E0}.Release|ARM64.Deploy.0 = Release|ARM64
		{C2B79AD2-C45F-49E7-A72F-A8E4647E34E0}.Release|x64.ActiveCfg = Release|x64
		{C2B79AD2-C45F-49E7-A72F-A8E4647E34E0}.Release|x64.Build.0 = Release|x64
		{C2B79AD2-C45F-49E7-A72F-A8E4647E34E0}.Release|x64.Deploy.0 = Release|x64
		{C2B79AD2-C45F-49E7-A72F-A8E4647E34E0}.Release|x86.ActiveCfg = Release|x86
		{C2B79AD2-C45F-49E7-A72F-A8E4647E34E0}.Release|x86.Build.0 = Release|x86
		{C2B79AD2-C45F-49E7-A72F-A8E4647E34E0}.Release|x86.Deploy.0 = Release|x86
		{58C49D62-7051-40F7-A0F5-4CF678F8F273}.Debug|ARM.ActiveCfg = Debug|ARM
		{58C49D62-7051-40F7-A0F5-4CF678F8F273}.Debug|ARM.Build.0 = Debug|ARM
		{58C49D62-7051-40F7-A0F5-4CF678F8F273}.Debug|ARM.Deploy.0 = Debug|ARM
		{58C49D62-7051-40F7-A0F5-4CF678F8F273}.Debug|ARM64.ActiveCfg = Debug|ARM64
		{58C49D62-7051-40F7-A0F5-4CF678F8F273}.Debug|ARM64.Build.0 = Debug|ARM64
		{58C49D62-7051-40F7-A0F5-4CF678F8F273}.Debug|ARM64.Deploy.0 = Debug|ARM64
		{58C49D62-7051-40F7-A0F5-4CF678F8F273}.Debug|x64.ActiveCfg = Debug|x64
		{58C49D62-7051-40F7-A0F5-4CF678F8F273}.Debug|x64.Build.0 = Debug|x64
		{58C49D62-7051-40F7-A0F5-4CF678F8F273}.Debug|x64.Deploy.0 = Debug|x64
		{58C49D62-7051-40F7-A0F5-4CF678F8F273}.Debug|x86.ActiveCfg = Debug|x86
		{58C49D62-7051-40F7-A0F5-4CF678F8F273}.Debug|x86.Build.0 = Debug|x86
		{58C49D62-7051-40F7-A0F5-4CF678F8F273}.Debug|x86.Deploy.0 = Debug|x86
		{58C49D62-7051-40F7-A0F5-4CF678F8F273}.Release|ARM.ActiveCfg = Release|ARM
		{58C49D62-7051-40F7-A0F5-4CF678F8F273}.Release|ARM.Build.0 = Release|ARM
		{58C49D62-7051-40F7-A0F5-4CF678F8F273}.Release|ARM.Deploy.0 = Release|ARM
		{58C49D62-7051-40F7-A0F5-4CF678F8F273}.Release|ARM64.ActiveCfg = Release|ARM64
		{58C49D62-7051-40F7-A0F5-4CF678F8F273}.Release|ARM64.Build.0 = Release|ARM64
		{58C49D62-7051-40F7-A0F5-4CF678F8F273}.Release|ARM64.Deploy.0 = Release|ARM64
		{58C49D62-7051-40F7-A0F5-4CF678F8F273}.Release|x64.ActiveCfg = Release|x64
		{58C49D62-7051-40F7-A0F5-4CF678F8F273}.Release|x64.Build.0 = Release|x64
		{58C49D62-7051-40F7-A0F5-4CF678F8F273}.Release|x64.Deploy.0 = Release|x64
		{58C49D62-7051-40F7-A0F5-4CF678F8F273}.Release|x86.ActiveCfg = Release|x86
		{58C49D62-7051-40F7-A0F5-4CF678F8F273}.Release|x86.Build.0 = Release|x86
		{58C49D62-7051-40F7-A0F5-4CF678F8F273}.Release|x86.Deploy.0 = Release|x86
		{931F84EB-E10E-492B-939F-362C3C319604}.Debug|ARM.ActiveCfg = Debug|ARM
		{931F84EB-E10E-492B-939F-362C3C319604}.Debug|ARM.Build.0 = Debug|ARM
		{931F84EB-E10E-492B-939F-362C3C319604}.Debug|ARM.Deploy.0 = Debug|ARM
		{931F84EB-E10E-492B-939F-362C3C319604}.Debug|ARM64.ActiveCfg = Debug|ARM64
		{931F84EB-E10E-492B-939F-362C3C319604}.Debug|ARM64.Build.0 = Debug|ARM64
		{931F84EB-E10E-492B-939F-362C3C319604}.Debug|ARM64.Deploy.0 = Debug|ARM64
		{931F84EB-E10E-492B-939F-362C3C319604}.Debug|x64.ActiveCfg = Debug|x64
		{931F84EB-E10E-492B-939F-362C3C319604}.Debug|x64.Build.0 = Debug|x64
		{931F84EB-E10E-492B-939F-362C3C319604}.Debug|x64.Deploy.0 = Debug|x64
		{931F84EB-E10E-492B-939F-362C3C319604}.Debug|x86.ActiveCfg = Debug|x86
		{931F84EB-E10E-492B-939F-362C3C319604}.Debug|x86.Build.0 = Debug|x86
		{931F84EB-E10E-492B-939F-362C3C319604}.Debug|x86.Deploy.0 = Debug|x86
		{931F84EB-E10E-492B-939F-362C3C319604}.Release|ARM.ActiveCfg = Release|ARM
		{931F84EB-E10E-492B-939F-362C3C319604}.Release|ARM.Build.0 = Release|ARM
		{931F84EB-E10E-492B-939F-362C3C319604}.Release|ARM.Deploy.0 = Release|ARM
		{931F84EB-E10E-492B-939F-362C3C319604}.Release|ARM64.ActiveCfg = Release|ARM64
		{931F84EB-E10E-492B-939F-362C3C319604}.Release|ARM64.Build.0 = Release|ARM64
		{931F84EB-E10E-492B-939F-362C3C319604}.Release|ARM64.Deploy.0 = Release|ARM64
		{931F84EB-E10E-492B-939F-362C3C319604}.Release|x64.ActiveCfg = Release|x64
		{931F84EB-E10E-492B-939F-362C3C319604}.Release|x64.Build.0 = Release|x64
		{931F84EB-E10E-492B-939F-362C3C319604}.Release|x64.Deploy.0 = Release|x64
		{931F84EB-E10E-492B-939F-362C3C319604}.Release|x86.ActiveCfg = Release|x86
		{931F84EB-E10E-492B-939F-362C3C319604}.Release|x86.Build.0 = Release|x86
		{931F84EB-E10E-492B-939F-362C3C319604}.Release|x86.Deploy.0 = Release|x86
		{EA3AB4FD-94C7-41C6-AAD6-576946699807}.Debug|ARM.ActiveCfg = Debug|ARM
		{EA3AB4FD-94C7-41C6-AAD6-576946699807}.Debug|ARM.Build.0 = Debug|ARM
		{EA3AB4FD-94C7-41C6-AAD6-576946699807}.Debug|ARM.Deploy.0 = Debug|ARM
		{EA3AB4FD-94C7-41C6-AAD6-576946699807}.Debug|ARM64.ActiveCfg = Debug|ARM64
		{EA3AB4FD-94C7-41C6-AAD6-576946699807}.Debug|ARM64.Build.0 = Debug|ARM64
		{EA3AB4FD-94C7-41C6-AAD6-576946699807}.Debug|ARM64.Deploy.0 = Debug|ARM64
		{EA3AB4FD-94C7-41C6-AAD6-576946699807}.Debug|x64.ActiveCfg = Debug|x64
		{EA3AB4FD-94C7-41C6-AAD6-576946699807}.Debug|x64.Build.0 = Debug|x64
		{EA3AB4FD-94C7-41C6-AAD6-576946699807}.Debug|x64.Deploy.0 = Debug|x64
		{EA3AB4FD-94C7-41C6-AAD6-576946699807}.Debug|x86.ActiveCfg = Debug|x86
		{EA3AB4FD-94C7-41C6-AAD6-576946699807}.Debug|x86.Build.0 = Debug|x86
		{EA3AB4FD-94C7-41C6-AAD6-576946699807}.Debug|x86.Deploy.0 = Debug|x86
		{EA3AB4FD-94C7-41C6-AAD6-576946699807}.Release|ARM.ActiveCfg = Release|ARM
		{EA3AB4FD-94C7-41C6-AAD6-576946699807}.Release|ARM.Build.0 = Release|ARM
		{EA3AB4FD-94C7-41C6-AAD6-576946699807}.Release|ARM.Deploy.0 = Release|ARM
		{EA3AB4FD-94C7-41C6-AAD6-576946699807}.Release|ARM64.ActiveCfg = Release|ARM64
		{EA3AB4FD-94C7-41C6-AAD6-576946699807}.Release|ARM64.Build.0 = Release|ARM64
		{EA3AB4FD-94C7-41C6-AAD6-576946699807}.Release|ARM64.Deploy.0 = Release|ARM64
		{EA3AB4FD-94C7-41C6-AAD6-576946699807}.Release|x64.ActiveCfg = Release|x64
		{EA3AB4FD-94C7-41C6-AAD6-576946699807}.Release|x64.Build.0 = Release|x64
		{EA3AB4FD-94C7-41C6-AAD6-576946699807}.Release|x64.Deploy.0 = Release|x64
		{EA3AB4FD-94C7-41C6-AAD6-576946699807}.Release|x86.ActiveCfg = Release|x86
		{EA3AB4FD-94C7-41C6-AAD6-576946699807}.Release|x86.Build.0 = Release|x86
		{EA3AB4FD-94C7-41C6-AAD6-576946699807}.Release|x86.Deploy.0 = Release|x86
		{714B4569-1371-44A2-91DF-70AFE1EAB7C4}.Debug|ARM.ActiveCfg = Debug|ARM
		{714B4569-1371-44A2-91DF-70AFE1EAB7C4}.Debug|ARM.Build.0 = Debug|ARM
		{714B4569-1371-44A2-91DF-70AFE1EAB7C4}.Debug|ARM.Deploy.0 = Debug|ARM
		{714B4569-1371-44A2-91DF-70AFE1EAB7C4}.Debug|ARM64.ActiveCfg = Debug|ARM64
		{714B4569-1371-44A2-91DF-70AFE1EAB7C4}.Debug|ARM64.Build.0 = Debug|ARM64
		{714B4569-1371-44A2-91DF-70AFE1EAB7C4}.Debug|ARM64.Deploy.0 = Debug|ARM64
		{714B4569-1371-44A2-91DF-70AFE1EAB7C4}.Debug|x64.ActiveCfg = Debug|x64
		{714B4569-1371-44A2-91DF-70AFE1EAB7C4}.Debug|x64.Build.0 = Debug|x64
		{714B4569-1371-44A2-91DF-70AFE1EAB7C4}.Debug|x64.Deploy.0 = Debug|x64
		{714B4569-1371-44A2-91DF-70AFE1EAB7C4}.Debug|x86.ActiveCfg = Debug|x86
		{714B4569-1371-44A2-91DF-70AFE1EAB7C4}.Debug|x86.Build.0 = Debug|x86
		{714B4569-1371-44A2-91DF-70AFE1EAB7C4}.Debug|x86.Deploy.0 = Debug|x86
		{714B4569-1371-44A2-91DF-70AFE1EAB7C4}.Release|ARM.ActiveCfg = Release|ARM
		{714B4569-1371-44A2-91DF-70AFE1EAB7C4}.Release|ARM.Build.0 = Release|ARM
		{714B4569-1371-44A2-91DF-70AFE1EAB7C4}.Release|ARM.Deploy.0 = Release|ARM
		{714B4569-1371-44A2-91DF-70AFE1EAB7C4}.Release|ARM64.ActiveCfg = Release|ARM64
		{714B4569-1371-44A2-91DF-70AFE1EAB7C4}.Release|ARM64.Build.0 = Release|ARM64
		{714B4569-1371-44A2-91DF-70AFE1EAB7C4}.Release|ARM64.Deploy.0 = Release|ARM64
		{714B4569-1371-44A2-91DF-70AFE1EAB7C4}.Release|x64.ActiveCfg = Release|x64
		{714B4569-1371-44A2-91DF-70AFE1EAB7C4}.Release|x64.Build.0 = Release|x64
		{714B4569-1371-44A2-91DF-70AFE1EAB7C4}.Release|x64.Deploy.0 = Release|x64
		{714B4569-1371-44A2-91DF-70AFE1EAB7C4}.Release|x86.ActiveCfg = Release|x86
		{714B4569-1371-44A2-91DF-70AFE1EAB7C4}.Release|x86.Build.0 = Release|x86
		{714B4569-1371-44A2-91DF-70AFE1EAB7C4}.Release|x86.Deploy.0 = Release|x86
		{0FCA9458-AA83-4438-8904-CA63F7470A92}.Debug|ARM.ActiveCfg = Debug|ARM
		{0FCA9458-AA83-4438-8904-CA63F7470A92}.Debug|ARM.Build.0 = Debug|ARM
		{0FCA9458-AA83-4438-8904-CA63F7470A92}.Debug|ARM.Deploy.0 = Debug|ARM
		{0FCA9458-AA83-4438-8904-CA63F7470A92}.Debug|ARM64.ActiveCfg = Debug|ARM64
		{0FCA9458-AA83-4438-8904-CA63F7470A92}.Debug|ARM64.Build.0 = Debug|ARM64
		{0FCA9458-AA83-4438-8904-CA63F7470A92}.Debug|ARM64.Deploy.0 = Debug|ARM64
		{0FCA9458-AA83-4438-8904-CA63F7470A92}.Debug|x64.ActiveCfg = Debug|x64
		{0FCA9458-AA83-4438-8904-CA63F7470A92}.Debug|x64.Build.0 = Debug|x64
		{0FCA9458-AA83-4438-8904-CA63F7470A92}.Debug|x64.Deploy.0 = Debug|x64
		{0FCA9458-AA83-4438-8904-CA63F7470A92}.Debug|x86.ActiveCfg = Debug|x86
		{0FCA9458-AA83-4438-8904-CA63F7470A92}.Debug|x86.Build.0 = Debug|x86
		{0FCA9458-AA83-4438-8904-CA63F7470A92}.Debug|x86.Deploy.0 = Debug|x86
		{0FCA9458-AA83-4438-8904-CA63F7470A92}.Release|ARM.ActiveCfg = Release|ARM
		{0FCA9458-AA83-4438-8904-CA63F7470A92}.Release|ARM.Build.0 = Release|ARM
		{0FCA9458-AA83-4438-8904-CA63F7470A92}.Release|ARM.Deploy.0 = Release|ARM
		{0FCA9458-AA83-4438-8904-CA63F7470A92}.Release|ARM64.ActiveCfg = Release|ARM64
		{0FCA9458-AA83-4438-8904-CA63F7470A92}.Release|ARM64.Build.0 = Release|ARM64
		{0FCA9458-AA83-4438-8904-CA63F7470A92}.Release|ARM64.Deploy.0 = Release|ARM64
		{0FCA9458-AA83-4438-8904-CA63F7470A92}.Release|x64.ActiveCfg = Release|x64
		{0FCA9458-AA83-4438-8904-CA63F7470A92}.Release|x64.Build.0 = Release|x64
		{0FCA9458-AA83-4438-8904-CA63F7470A92}.Release|x64.Deploy.0 = Release|x64
		{0FCA9458-AA83-4438-8904-CA63F7470A92}.Release|x86.ActiveCfg = Release|x86
		{0FCA9458-AA83-4438-8904-CA63F7470A92}.Release|x86.Build.0 = Release|x86
		{0FCA9458-AA83-4438-8904-CA63F7470A92}.Release|x86.Deploy.0 = Release|x86
		{E6AD9B30-949E-43E6-8280-0D0AF93E1284}.Debug|ARM.ActiveCfg = Debug|ARM
		{E6AD9B30-949E-43E6-8280-0D0AF93E1284}.Debug|ARM.Build.0 = Debug|ARM
		{E6AD9B30-949E-43E6-8280-0D0AF93E1284}.Debug|ARM.Deploy.0 = Debug|ARM
		{E6AD9B30-949E-43E6-8280-0D0AF93E1284}.Debug|ARM64.ActiveCfg = Debug|ARM64
		{E6AD9B30-949E-43E6-8280-0D0AF93E1284}.Debug|ARM64.Build.0 = Debug|ARM64
		{E6AD9B30-949E-43E6-8280-0D0AF93E1284}.Debug|ARM64.Deploy.0 = Debug|ARM64
		{E6AD9B30-949E-43E6-8280-0D0AF93E1284}.Debug|x64.ActiveCfg = Debug|x64
		{E6AD9B30-949E-43E6-8280-0D0AF93E1284}.Debug|x64.Build.0 = Debug|x64
		{E6AD9B30-949E-43E6-8280-0D0AF93E1284}.Debug|x64.Deploy.0 = Debug|x64
		{E6AD9B30-949E-43E6-8280-0D0AF93E1284}.Debug|x86.ActiveCfg = Debug|x86
		{E6AD9B30-949E-43E6-8280-0D0AF93E1284}.Debug|x86.Build.0 = Debug|x86
		{E6AD9B30-949E-43E6-8280-0D0AF93E1284}.Debug|x86.Deploy.0 = Debug|x86
		{E6AD9B30-949E-43E6-8280-0D0AF93E1284}.Release|ARM.ActiveCfg = Release|ARM
		{E6AD9B30-949E-43E6-8280-0D0AF93E1284}.Release|ARM.Build.0 = Release|ARM
		{E6AD9B30-949E-43E6-8280-0D0AF93E1284}.Release|ARM.Deploy.0 = Release|ARM
		{E6AD9B30-949E-43E6-8280-0D0AF93E1284}.Release|ARM64.ActiveCfg = Release|ARM64
		{E6AD9B30-949E-43E6-8280-0D0AF93E1284}.Release|ARM64.Build.0 = Release|ARM64
		{E6AD9B30-949E-43E6-8280-0D0AF93E1284}.Release|ARM64.Deploy.0 = Release|ARM64
		{E6AD9B30-949E-43E6-8280-0D0AF93E1284}.Release|x64.ActiveCfg = Release|x64
		{E6AD9B30-949E-43E6-8280-0D0AF93E1284}.Release|x64.Build.0 = Release|x64
		{E6AD9B30-949E-43E6-8280-0D0AF93E1284}.Release|x64.Deploy.0 = Release|x64
		{E6AD9B30-949E-43E6-8280-0D0AF93E1284}.Release|x86.ActiveCfg = Release|x86
		{E6AD9B30-949E-43E6-8280-0D0AF93E1284}.Release|x86.Build.0 = Release|x86
		{E6AD9B30-949E-43E6-8280-0D0AF93E1284}.Release|x86.Deploy.0 = Release|x86
		{19780856-B980-4E51-B55B-6B527D4E5071}.Debug|ARM.ActiveCfg = Debug|ARM
		{19780856-B980-4E51-B55B-6B527D4E5071}.Debug|ARM.Build.0 = Debug|ARM
		{19780856-B980-4E51-B55B-6B527D4E5071}.Debug|ARM.Deploy.0 = Debug|ARM
		{19780856-B980-4E51-B55B-6B527D4E5071}.Debug|ARM64.ActiveCfg = Debug|ARM64
		{19780856-B980-4E51-B55B-6B527D4E5071}.Debug|ARM64.Build.0 = Debug|ARM64
		{19780856-B980-4E51-B55B-6B527D4E5071}.Debug|ARM64.Deploy.0 = Debug|ARM64
		{19780856-B980-4E51-B55B-6B527D4E5071}.Debug|x64.ActiveCfg = Debug|x64
		{19780856-B980-4E51-B55B-6B527D4E5071}.Debug|x64.Build.0 = Debug|x64
		{19780856-B980-4E51-B55B-6B527D4E5071}.Debug|x64.Deploy.0 = Debug|x64
		{19780856-B980-4E51-B55B-6B527D4E5071}.Debug|x86.ActiveCfg = Debug|x86
		{19780856-B980-4E51-B55B-6B527D4E5071}.Debug|x86.Build.0 = Debug|x86
		{19780856-B980-4E51-B55B-6B527D4E5071}.Debug|x86.Deploy.0 = Debug|x86
		{19780856-B980-4E51-B55B-6B527D4E5071}.Release|ARM.ActiveCfg = Release|ARM
		{19780856-B980-4E51-B55B-6B527D4E5071}.Release|ARM.Build.0 = Release|ARM
		{19780856-B980-4E51-B55B-6B527D4E5071}.Release|ARM.Deploy.0 = Release|ARM
		{19780856-B980-4E51-B55B-6B527D4E5071}.Release|ARM64.ActiveCfg = Release|ARM64
		{19780856-B980-4E51-B55B-6B527D4E5071}.Release|ARM64.Build.0 = Release|ARM64
		{19780856-B980-4E51-B55B-6B527D4E5071}.Release|ARM64.Deploy.0 = Release|ARM64
		{19780856-B980-4E51-B55B-6B527D4E5071}.Release|x64.ActiveCfg = Release|x64
		{19780856-B980-4E51-B55B-6B527D4E5071}.Release|x64.Build.0 = Release|x64
		{19780856-B980-4E51-B55B-6B527D4E5071}.Release|x64.Deploy.0 = Release|x64
		{19780856-B980-4E51-B55B-6B527D4E5071}.Release|x86.ActiveCfg = Release|x86
		{19780856-B980-4E51-B55B-6B527D4E5071}.Release|x86.Build.0 = Release|x86
		{19780856-B980-4E51-B55B-6B527D4E5071}.Release|x86.Deploy.0 = Release|x86
		{4691B52D-45A4-46B6-B363-251884D4B700}.Debug|ARM.ActiveCfg = Debug|ARM
		{4691B52D-45A4-46B6-B363-251884D4B700}.Debug|ARM.Build.0 = Debug|ARM
		{4691B52D-45A4-46B6-B363-251884D4B700}.Debug|ARM.Deploy.0 = Debug|ARM
		{4691B52D-45A4-46B6-B363-251884D4B700}.Debug|ARM64.ActiveCfg = Debug|ARM64
		{4691B52D-45A4-46B6-B363-251884D4B700}.Debug|ARM64.Build.0 = Debug|ARM64
		{4691B52D-45A4-46B6-B363-251884D4B700}.Debug|ARM64.Deploy.0 = Debug|ARM64
		{4691B52D-45A4-46B6-B363-251884D4B700}.Debug|x64.ActiveCfg = Debug|x64
		{4691B52D-45A4-46B6-B363-251884D4B700}.Debug|x64.Build.0 = Debug|x64
		{4691B52D-45A4-46B6-B363-251884D4B700}.Debug|x64.Deploy.0 = Debug|x64
		{4691B52D-45A4-46B6-B363-251884D4B700}.Debug|x86.ActiveCfg = Debug|x86
		{4691B52D-45A4-46B6-B363-251884D4B700}.Debug|x86.Build.0 = Debug|x86
		{4691B52D-45A4-46B6-B363-251884D4B700}.Debug|x86.Deploy.0 = Debug|x86
		{4691B52D-45A4-46B6-B363-251884D4B700}.Release|ARM.ActiveCfg = Release|ARM
		{4691B52D-45A4-46B6-B363-251884D4B700}.Release|ARM.Build.0 = Release|ARM
		{4691B52D-45A4-46B6-B363-251884D4B700}.Release|ARM.Deploy.0 = Release|ARM
		{4691B52D-45A4-46B6-B363-251884D4B700}.Release|ARM64.ActiveCfg = Release|ARM64
		{4691B52D-45A4-46B6-B363-251884D4B700}.Release|ARM64.Build.0 = Release|ARM64
		{4691B52D-45A4-46B6-B363-251884D4B700}.Release|ARM64.Deploy.0 = Release|ARM64
		{4691B52D-45A4-46B6-B363-251884D4B700}.Release|x64.ActiveCfg = Release|x64
		{4691B52D-45A4-46B6-B363-251884D4B700}.Release|x64.Build.0 = Release|x64
		{4691B52D-45A4-46B6-B363-251884D4B700}.Release|x64.Deploy.0 = Release|x64
		{4691B52D-45A4-46B6-B363-251884D4B700}.Release|x86.ActiveCfg = Release|x86
		{4691B52D-45A4-46B6-B363-251884D4B700}.Release|x86.Build.0 = Release|x86
		{4691B52D-45A4-46B6-B363-251884D4B700}.Release|x86.Deploy.0 = Release|x86
		{EF3EB6D4-D6E3-402E-8019-2F6E6E3DB444}.Debug|ARM.ActiveCfg = Debug|ARM
		{EF3EB6D4-D6E3-402E-8019-2F6E6E3DB444}.Debug|ARM.Build.0 = Debug|ARM
		{EF3EB6D4-D6E3-402E-8019-2F6E6E3DB444}.Debug|ARM.Deploy.0 = Debug|ARM
		{EF3EB6D4-D6E3-402E-8019-2F6E6E3DB444}.Debug|ARM64.ActiveCfg = Debug|ARM64
		{EF3EB6D4-D6E3-402E-8019-2F6E6E3DB444}.Debug|ARM64.Build.0 = Debug|ARM64
		{EF3EB6D4-D6E3-402E-8019-2F6E6E3DB444}.Debug|ARM64.Deploy.0 = Debug|ARM64
		{EF3EB6D4-D6E3-402E-8019-2F6E6E3DB444}.Debug|x64.ActiveCfg = Debug|x64
		{EF3EB6D4-D6E3-402E-8019-2F6E6E3DB444}.Debug|x64.Build.0 = Debug|x64
		{EF3EB6D4-D6E3-402E-8019-2F6E6E3DB444}.Debug|x64.Deploy.0 = Debug|x64
		{EF3EB6D4-D6E3-402E-8019-2F6E6E3DB444}.Debug|x86.ActiveCfg = Debug|x86
		{EF3EB6D4-D6E3-402E-8019-2F6E6E3DB444}.Debug|x86.Build.0 = Debug|x86
		{EF3EB6D4-D6E3-402E-8019-2F6E6E3DB444}.Debug|x86.Deploy.0 = Debug|x86
		{EF3EB6D4-D6E3-402E-8019-2F6E6E3DB444}.Release|ARM.ActiveCfg = Release|ARM
		{EF3EB6D4-D6E3-402E-8019-2F6E6E3DB444}.Release|ARM.Build.0 = Release|ARM
		{EF3EB6D4-D6E3-402E-8019-2F6E6E3DB444}.Release|ARM.Deploy.0 = Release|ARM
		{EF3EB6D4-D6E3-402E-8019-2F6E6E3DB444}.Release|ARM64.ActiveCfg = Release|ARM64
		{EF3EB6D4-D6E3-402E-8019-2F6E6E3DB444}.Release|ARM64.Build.0 = Release|ARM64
		{EF3EB6D4-D6E3-402E-8019-2F6E6E3DB444}.Release|ARM64.Deploy.0 = Release|ARM64
		{EF3EB6D4-D6E3-402E-8019-2F6E6E3DB444}.Release|x64.ActiveCfg = Release|x64
		{EF3EB6D4-D6E3-402E-8019-2F6E6E3DB444}.Release|x64.Build.0 = Release|x64
		{EF3EB6D4-D6E3-402E-8019-2F6E6E3DB444}.Release|x64.Deploy.0 = Release|x64
		{EF3EB6D4-D6E3-402E-8019-2F6E6E3DB444}.Release|x86.ActiveCfg = Release|x86
		{EF3EB6D4-D6E3-402E-8019-2F6E6E3DB444}.Release|x86.Build.0 = Release|x86
		{EF3EB6D4-D6E3-402E-8019-2F6E6E3DB444}.Release|x86.Deploy.0 = Release|x86
		{6288D6F4-EDC3-4E1E-90F1-5D3BF57AE0C1}.Debug|ARM.ActiveCfg = Debug|ARM
		{6288D6F4-EDC3-4E1E-90F1-5D3BF57AE0C1}.Debug|ARM.Build.0 = Debug|ARM
		{6288D6F4-EDC3-4E1E-90F1-5D3BF57AE0C1}.Debug|ARM.Deploy.0 = Debug|ARM
		{6288D6F4-EDC3-4E1E-90F1-5D3BF57AE0C1}.Debug|ARM64.ActiveCfg = Debug|ARM64
		{6288D6F4-EDC3-4E1E-90F1-5D3BF57AE0C1}.Debug|ARM64.Build.0 = Debug|ARM64
		{6288D6F4-EDC3-4E1E-90F1-5D3BF57AE0C1}.Debug|ARM64.Deploy.0 = Debug|ARM64
		{6288D6F4-EDC3-4E1E-90F1-5D3BF57AE0C1}.Debug|x64.ActiveCfg = Debug|x64
		{6288D6F4-EDC3-4E1E-90F1-5D3BF57AE0C1}.Debug|x64.Build.0 = Debug|x64
		{6288D6F4-EDC3-4E1E-90F1-5D3BF57AE0C1}.Debug|x64.Deploy.0 = Debug|x64
		{6288D6F4-EDC3-4E1E-90F1-5D3BF57AE0C1}.Debug|x86.ActiveCfg = Debug|x86
		{6288D6F4-EDC3-4E1E-90F1-5D3BF57AE0C1}.Debug|x86.Build.0 = Debug|x86
		{6288D6F4-EDC3-4E1E-90F1-5D3BF57AE0C1}.Debug|x86.Deploy.0 = Debug|x86
		{6288D6F4-EDC3-4E1E-90F1-5D3BF57AE0C1}.Release|ARM.ActiveCfg = Release|ARM
		{6288D6F4-EDC3-4E1E-90F1-5D3BF57AE0C1}.Release|ARM.Build.0 = Release|ARM
		{6288D6F4-EDC3-4E1E-90F1-5D3BF57AE0C1}.Release|ARM.Deploy.0 = Release|ARM
		{6288D6F4-EDC3-4E1E-90F1-5D3BF57AE0C1}.Release|ARM64.ActiveCfg = Release|ARM64
		{6288D6F4-EDC3-4E1E-90F1-5D3BF57AE0C1}.Release|ARM64.Build.0 = Release|ARM64
		{6288D6F4-EDC3-4E1E-90F1-5D3BF57AE0C1}.Release|ARM64.Deploy.0 = Release|ARM64
		{6288D6F4-EDC3-4E1E-90F1-5D3BF57AE0C1}.Release|x64.ActiveCfg = Release|x64
		{6288D6F4-EDC3-4E1E-90F1-5D3BF57AE0C1}.Release|x64.Build.0 = Release|x64
		{6288D6F4-EDC3-4E1E-90F1-5D3BF57AE0C1}.Release|x64.Deploy.0 = Release|x64
		{6288D6F4-EDC3-4E1E-90F1-5D3BF57AE0C1}.Release|x86.ActiveCfg = Release|x86
		{6288D6F4-EDC3-4E1E-90F1-5D3BF57AE0C1}.Release|x86.Build.0 = Release|x86
		{6288D6F4-EDC3-4E1E-90F1-5D3BF57AE0C1}.Release|x86.Deploy.0 = Release|x86
		{47B4BECD-1954-4A95-8B60-8020AEE96CB2}.Debug|ARM.ActiveCfg = Debug|ARM
		{47B4BECD-1954-4A95-8B60-8020AEE96CB2}.Debug|ARM.Build.0 = Debug|ARM
		{47B4BECD-1954-4A95-8B60-8020AEE96CB2}.Debug|ARM.Deploy.0 = Debug|ARM
		{47B4BECD-1954-4A95-8B60-8020AEE96CB2}.Debug|ARM64.ActiveCfg = Debug|ARM64
		{47B4BECD-1954-4A95-8B60-8020AEE96CB2}.Debug|ARM64.Build.0 = Debug|ARM64
		{47B4BECD-1954-4A95-8B60-8020AEE96CB2}.Debug|ARM64.Deploy.0 = Debug|ARM64
		{47B4BECD-1954-4A95-8B60-8020AEE96CB2}.Debug|x64.ActiveCfg = Debug|x64
		{47B4BECD-1954-4A95-8B60-8020AEE96CB2}.Debug|x64.Build.0 = Debug|x64
		{47B4BECD-1954-4A95-8B60-8020AEE96CB2}.Debug|x64.Deploy.0 = Debug|x64
		{47B4BECD-1954-4A95-8B60-8020AEE96CB2}.Debug|x86.ActiveCfg = Debug|x86
		{47B4BECD-1954-4A95-8B60-8020AEE96CB2}.Debug|x86.Build.0 = Debug|x86
		{47B4BECD-1954-4A95-8B60-8020AEE96CB2}.Debug|x86.Deploy.0 = Debug|x86
		{47B4BECD-1954-4A95-8B60-8020AEE96CB2}.Release|ARM.ActiveCfg = Release|ARM
		{47B4BECD-1954-4A95-8B60-8020AEE96CB2}.Release|ARM.Build.0 = Release|ARM
		{47B4BECD-1954-4A95-8B60-8020AEE96CB2}.Release|ARM.Deploy.0 = Release|ARM
		{47B4BECD-1954-4A95-8B60-8020AEE96CB2}.Release|ARM64.ActiveCfg = Release|ARM64
		{47B4BECD-1954-4A95-8B60-8020AEE96CB2}.Release|ARM64.Build.0 = Release|ARM64
		{47B4BECD-1954-4A95-8B60-8020AEE96CB2}.Release|ARM64.Deploy.0 = Release|ARM64
		{47B4BECD-1954-4A95-8B60-8020AEE96CB2}.Release|x64.ActiveCfg = Release|x64
		{47B4BECD-1954-4A95-8B60-8020AEE96CB2}.Release|x64.Build.0 = Release|x64
		{47B4BECD-1954-4A95-8B60-8020AEE96CB2}.Release|x64.Deploy.0 = Release|x64
		{47B4BECD-1954-4A95-8B60-8020AEE96CB2}.Release|x86.ActiveCfg = Release|x86
		{47B4BECD-1954-4A95-8B60-8020AEE96CB2}.Release|x86.Build.0 = Release|x86
		{47B4BECD-1954-4A95-8B60-8020AEE96CB2}.Release|x86.Deploy.0 = Release|x86
		{524E0F6C-9571-4C70-AADD-8333C614668B}.Debug|ARM.ActiveCfg = Debug|ARM
		{524E0F6C-9571-4C70-AADD-8333C614668B}.Debug|ARM.Build.0 = Debug|ARM
		{524E0F6C-9571-4C70-AADD-8333C614668B}.Debug|ARM.Deploy.0 = Debug|ARM
		{524E0F6C-9571-4C70-AADD-8333C614668B}.Debug|ARM64.ActiveCfg = Debug|ARM64
		{524E0F6C-9571-4C70-AADD-8333C614668B}.Debug|ARM64.Build.0 = Debug|ARM64
		{524E0F6C-9571-4C70-AADD-8333C614668B}.Debug|ARM64.Deploy.0 = Debug|ARM64
		{524E0F6C-9571-4C70-AADD-8333C614668B}.Debug|x64.ActiveCfg = Debug|x64
		{524E0F6C-9571-4C70-AADD-8333C614668B}.Debug|x64.Build.0 = Debug|x64
		{524E0F6C-9571-4C70-AADD-8333C614668B}.Debug|x64.Deploy.0 = Debug|x64
		{524E0F6C-9571-4C70-AADD-8333C614668B}.Debug|x86.ActiveCfg = Debug|x86
		{524E0F6C-9571-4C70-AADD-8333C614668B}.Debug|x86.Build.0 = Debug|x86
		{524E0F6C-9571-4C70-AADD-8333C614668B}.Debug|x86.Deploy.0 = Debug|x86
		{524E0F6C-9571-4C70-AADD-8333C614668B}.Release|ARM.ActiveCfg = Release|ARM
		{524E0F6C-9571-4C70-AADD-8333C614668B}.Release|ARM.Build.0 = Release|ARM
		{524E0F6C-9571-4C70-AADD-8333C614668B}.Release|ARM.Deploy.0 = Release|ARM
		{524E0F6C-9571-4C70-AADD-8333C614668B}.Release|ARM64.ActiveCfg = Release|ARM64
		{524E0F6C-9571-4C70-AADD-8333C614668B}.Release|ARM64.Build.0 = Release|ARM64
		{524E0F6C-9571-4C70-AADD-8333C614668B}.Release|ARM64.Deploy.0 = Release|ARM64
		{524E0F6C-9571-4C70-AADD-8333C614668B}.Release|x64.ActiveCfg = Release|x64
		{524E0F6C-9571-4C70-AADD-8333C614668B}.Release|x64.Build.0 = Release|x64
		{524E0F6C-9571-4C70-AADD-8333C614668B}.Release|x64.Deploy.0 = Release|x64
		{524E0F6C-9571-4C70-AADD-8333C614668B}.Release|x86.ActiveCfg = Release|x86
		{524E0F6C-9571-4C70-AADD-8333C614668B}.Release|x86.Build.0 = Release|x86
		{524E0F6C-9571-4C70-AADD-8333C614668B}.Release|x86.Deploy.0 = Release|x86
	EndGlobalSection
	GlobalSection(SolutionProperties) = preSolution
		HideSolutionNode = FALSE
	EndGlobalSection
	GlobalSection(NestedProjects) = preSolution
		{07AF4FC7-95D2-4835-9694-BF9DD72D9FEB} = {5F1382A7-6BA3-425D-8D5A-1B06CFFBDACF}
		{4684096F-6FC1-417F-A777-F40C9CA17E6D} = {5F1382A7-6BA3-425D-8D5A-1B06CFFBDACF}
		{39ACD047-CAB7-4537-B6CE-D74AEC9F6C81} = {5F1382A7-6BA3-425D-8D5A-1B06CFFBDACF}
		{89DC40A8-6336-4CEB-94DC-32AD80BA59C0} = {5F1382A7-6BA3-425D-8D5A-1B06CFFBDACF}
		{F4A45029-A811-444C-9108-F8DD8DA2C7C0} = {5F1382A7-6BA3-425D-8D5A-1B06CFFBDACF}
		{5BD1FF95-FB09-43BC-BAAF-02927D22E6D2} = {5F1382A7-6BA3-425D-8D5A-1B06CFFBDACF}
		{71FA4ADE-05E8-4E36-8DB7-D7E2DDF9C403} = {5F1382A7-6BA3-425D-8D5A-1B06CFFBDACF}
		{B2AEC3C0-CD49-479D-A15F-84506876D783} = {5F1382A7-6BA3-425D-8D5A-1B06CFFBDACF}
		{58521742-B9A9-49E3-979F-741407E82BA4} = {5F1382A7-6BA3-425D-8D5A-1B06CFFBDACF}
		{0BC068AF-25E2-4249-A2C8-4BD950A3C627} = {5F1382A7-6BA3-425D-8D5A-1B06CFFBDACF}
		{CE5877E1-6F56-486A-9B33-723479AADBD9} = {5F1382A7-6BA3-425D-8D5A-1B06CFFBDACF}
		{714A4378-ED10-4A99-857C-9BE30148BAF1} = {5F1382A7-6BA3-425D-8D5A-1B06CFFBDACF}
		{595FC7E8-8EE0-49B9-8343-C414500392AF} = {5F1382A7-6BA3-425D-8D5A-1B06CFFBDACF}
		{C2B79AD2-C45F-49E7-A72F-A8E4647E34E0} = {5F1382A7-6BA3-425D-8D5A-1B06CFFBDACF}
		{58C49D62-7051-40F7-A0F5-4CF678F8F273} = {5F1382A7-6BA3-425D-8D5A-1B06CFFBDACF}
		{931F84EB-E10E-492B-939F-362C3C319604} = {C5F4A069-2607-44C9-B83A-5EFD67E4EB86}
		{EA3AB4FD-94C7-41C6-AAD6-576946699807} = {C5F4A069-2607-44C9-B83A-5EFD67E4EB86}
		{714B4569-1371-44A2-91DF-70AFE1EAB7C4} = {C5F4A069-2607-44C9-B83A-5EFD67E4EB86}
		{0FCA9458-AA83-4438-8904-CA63F7470A92} = {C5F4A069-2607-44C9-B83A-5EFD67E4EB86}
		{E6AD9B30-949E-43E6-8280-0D0AF93E1284} = {C5F4A069-2607-44C9-B83A-5EFD67E4EB86}
		{19780856-B980-4E51-B55B-6B527D4E5071} = {C5F4A069-2607-44C9-B83A-5EFD67E4EB86}
		{4691B52D-45A4-46B6-B363-251884D4B700} = {C5F4A069-2607-44C9-B83A-5EFD67E4EB86}
		{EF3EB6D4-D6E3-402E-8019-2F6E6E3DB444} = {15C2BE98-4A6E-4F15-BE69-B68CDF42D270}
		{6288D6F4-EDC3-4E1E-90F1-5D3BF57AE0C1} = {15C2BE98-4A6E-4F15-BE69-B68CDF42D270}
		{47B4BECD-1954-4A95-8B60-8020AEE96CB2} = {15C2BE98-4A6E-4F15-BE69-B68CDF42D270}
		{524E0F6C-9571-4C70-AADD-8333C614668B} = {15C2BE98-4A6E-4F15-BE69-B68CDF42D270}
	EndGlobalSection
	GlobalSection(ExtensibilityGlobals) = postSolution
		SolutionGuid = {30146392-79CF-409A-A8F5-1B500FEA9841}
	EndGlobalSection
EndGlobal
