<?xml version="1.0" encoding="utf-8"?>
<Project ToolsVersion="4.0" xmlns="http://schemas.microsoft.com/developer/msbuild/2003">
  <ItemGroup>
    <ClCompile Include="baseapp.cpp" />
    <ClCompile Include="baseappmgr.cpp" />
    <ClCompile Include="baseappmgr_interface.cpp" />
    <ClCompile Include="main.cpp" />
  </ItemGroup>
  <ItemGroup>
    <ClInclude Include="baseapp.h" />
    <ClInclude Include="baseappmgr.h" />
    <ClInclude Include="baseappmgr_interface.h" />
    <ClInclude Include="baseappmgr_interface_macros.h" />
  </ItemGroup>
</Project>